
Microsoft Visual Studio Solution File, Format Version 12.00
# Visual Studio Version 17
VisualStudioVersion = 17.0.31903.59
MinimumVisualStudioVersion = 10.0.40219.1
Project("{2150E333-8FDC-42A3-9474-1A3956D46DE8}") = "src", "src", "{41FFA2A3-FFF1-4C94-9677-5C94204232B7}"
EndProject
Project("{FAE04EC0-301F-11D3-BF4B-00C04F79EFBC}") = "Kaya.ApiExplorer", "src\Kaya.ApiExplorer\Kaya.ApiExplorer.csproj", "{E997988B-2E96-4448-A86F-FB1D6705E008}"
EndProject
Project("{FAE04EC0-301F-11D3-BF4B-00C04F79EFBC}") = "Demo.WebApi", "src\Demo.WebApi\Demo.WebApi.csproj", "{9B862580-6D38-431B-B623-27B9A667E485}"
EndProject
Project("{2150E333-8FDC-42A3-9474-1A3956D46DE8}") = "tests", "tests", "{B446F207-3026-41CF-A338-8B95E26DEBC0}"
EndProject
Project("{FAE04EC0-301F-11D3-BF4B-00C04F79EFBC}") = "Kaya.ApiExplorer.Tests", "tests\Kaya.ApiExplorer.Tests\Kaya.ApiExplorer.Tests.csproj", "{E2A166DE-1F45-44CB-BEC3-D15C0ED578BF}"
EndProject
Global
	GlobalSection(SolutionConfigurationPlatforms) = preSolution
		Debug|Any CPU = Debug|Any CPU
		Release|Any CPU = Release|Any CPU
	EndGlobalSection
	GlobalSection(SolutionProperties) = preSolution
		HideSolutionNode = FALSE
	EndGlobalSection
	GlobalSection(ProjectConfigurationPlatforms) = postSolution
		{E997988B-2E96-4448-A86F-FB1D6705E008}.Debug|Any CPU.ActiveCfg = Debug|Any CPU
		{E997988B-2E96-4448-A86F-FB1D6705E008}.Debug|Any CPU.Build.0 = Debug|Any CPU
		{E997988B-2E96-4448-A86F-FB1D6705E008}.Release|Any CPU.ActiveCfg = Release|Any CPU
		{E997988B-2E96-4448-A86F-FB1D6705E008}.Release|Any CPU.Build.0 = Release|Any CPU
		{9B862580-6D38-431B-B623-27B9A667E485}.Debug|Any CPU.ActiveCfg = Debug|Any CPU
		{9B862580-6D38-431B-B623-27B9A667E485}.Debug|Any CPU.Build.0 = Debug|Any CPU
		{9B862580-6D38-431B-B623-27B9A667E485}.Release|Any CPU.ActiveCfg = Release|Any CPU
		{9B862580-6D38-431B-B623-27B9A667E485}.Release|Any CPU.Build.0 = Release|Any CPU
		{E2A166DE-1F45-44CB-BEC3-D15C0ED578BF}.Debug|Any CPU.ActiveCfg = Debug|Any CPU
		{E2A166DE-1F45-44CB-BEC3-D15C0ED578BF}.Debug|Any CPU.Build.0 = Debug|Any CPU
		{E2A166DE-1F45-44CB-BEC3-D15C0ED578BF}.Release|Any CPU.ActiveCfg = Release|Any CPU
		{E2A166DE-1F45-44CB-BEC3-D15C0ED578BF}.Release|Any CPU.Build.0 = Release|Any CPU
	EndGlobalSection
	GlobalSection(NestedProjects) = preSolution
		{E997988B-2E96-4448-A86F-FB1D6705E008} = {41FFA2A3-FFF1-4C94-9677-5C94204232B7}
		{9B862580-6D38-431B-B623-27B9A667E485} = {41FFA2A3-FFF1-4C94-9677-5C94204232B7}
		{E2A166DE-1F45-44CB-BEC3-D15C0ED578BF} = {B446F207-3026-41CF-A338-8B95E26DEBC0}
	EndGlobalSection
EndGlobal
